{
  "nodes": {
    "amazonka": {
      "flake": false,
      "locked": {
        "lastModified": 1667473925,
        "narHash": "sha256-+z3zcK1vcWTya4GtkxJ8ll8+piEwLG3jEp+ejtlWRug=",
        "path": "/home/shaun/devel/3rdparty/amazonka",
        "type": "path"
      },
      "original": {
        "path": "/home/shaun/devel/3rdparty/amazonka",
        "type": "path"
      }
    },
    "flake-compat": {
      "flake": false,
      "locked": {
        "lastModified": 1650374568,
        "narHash": "sha256-Z+s0J8/r907g149rllvwhb4pKi8Wam5ij0st8PwAh+E=",
        "owner": "edolstra",
        "repo": "flake-compat",
        "rev": "b4a34015c698c7793d592d66adbab377907a2be8",
        "type": "github"
      },
      "original": {
        "owner": "edolstra",
        "repo": "flake-compat",
        "type": "github"
      }
    },
    "flake-utils": {
      "locked": {
        "lastModified": 1667395993,
        "narHash": "sha256-nuEHfE/LcWyuSWnS8t12N1wc105Qtau+/OdUAjtQ0rA=",
        "owner": "numtide",
        "repo": "flake-utils",
        "rev": "5aed5285a952e0b949eb3ba02c12fa4fcfef535f",
        "type": "github"
      },
      "original": {
        "owner": "numtide",
        "repo": "flake-utils",
        "type": "github"
      }
    },
    "nixpkgs": {
      "locked": {
        "lastModified": 1667472786,
        "narHash": "sha256-ykFVaG+0hZQpmPlSMiKANhCi2I43rJZfuEXKeq4lU8g=",
        "owner": "nixos",
        "repo": "nixpkgs",
        "rev": "9a46b4a567a104fa7c38790f10a78786525ecc85",
        "type": "github"
      },
      "original": {
        "owner": "nixos",
        "repo": "nixpkgs",
        "type": "github"
      }
    },
    "root": {
      "inputs": {
        "amazonka": "amazonka",
        "flake-compat": "flake-compat",
        "flake-utils": "flake-utils",
        "nixpkgs": "nixpkgs"
      }
    }
  },
  "root": "root",
  "version": 7
}
